// !$*UTF8*$!
{
	archiveVersion = 1;
	classes = {
	};
	objectVersion = 46;
	objects = {

/* Begin PBXBuildFile section */
		0957F1DB1C33BE0D00357DF4 /* FBSDKCoreKit.framework in Frameworks */ = {isa = PBXBuildFile; fileRef = 0957F1D91C33BE0D00357DF4 /* FBSDKCoreKit.framework */; };
		0957F1DC1C33BE0D00357DF4 /* FBSDKLoginKit.framework in Frameworks */ = {isa = PBXBuildFile; fileRef = 0957F1DA1C33BE0D00357DF4 /* FBSDKLoginKit.framework */; };
		3B12806E1C3A64BF00AE2CC6 /* QandAManager.swift in Sources */ = {isa = PBXBuildFile; fileRef = 3B12806D1C3A64BF00AE2CC6 /* QandAManager.swift */; };
		3B1280701C3A6E4200AE2CC6 /* QuestionTableViewCell.swift in Sources */ = {isa = PBXBuildFile; fileRef = 3B12806F1C3A6E4200AE2CC6 /* QuestionTableViewCell.swift */; };
		3B36CBAD1C27D535003666D7 /* RegisterViewController.swift in Sources */ = {isa = PBXBuildFile; fileRef = 3B36CBAC1C27D535003666D7 /* RegisterViewController.swift */; };
		3B36CBAF1C27D673003666D7 /* ForgotPasswordViewController.swift in Sources */ = {isa = PBXBuildFile; fileRef = 3B36CBAE1C27D673003666D7 /* ForgotPasswordViewController.swift */; };
		3B4178611C20B23F006CB7ED /* AYOSegmentedControl.swift in Sources */ = {isa = PBXBuildFile; fileRef = 3B4178601C20B23F006CB7ED /* AYOSegmentedControl.swift */; };
		3B4178651C20B270006CB7ED /* ImageLoader.swift in Sources */ = {isa = PBXBuildFile; fileRef = 3B4178621C20B270006CB7ED /* ImageLoader.swift */; };
		3B4178661C20B270006CB7ED /* Marco.swift in Sources */ = {isa = PBXBuildFile; fileRef = 3B4178631C20B270006CB7ED /* Marco.swift */; };
		3B4178671C20B270006CB7ED /* Utils.swift in Sources */ = {isa = PBXBuildFile; fileRef = 3B4178641C20B270006CB7ED /* Utils.swift */; };
		3B4178691C20C252006CB7ED /* RecipeVideoTutorialViewController.swift in Sources */ = {isa = PBXBuildFile; fileRef = 3B4178681C20C252006CB7ED /* RecipeVideoTutorialViewController.swift */; };
		3B41786B1C20DEBE006CB7ED /* RecipeTutorialViewController.swift in Sources */ = {isa = PBXBuildFile; fileRef = 3B41786A1C20DEBE006CB7ED /* RecipeTutorialViewController.swift */; };
		3B41786D1C2135DD006CB7ED /* ShowIntroViewController.swift in Sources */ = {isa = PBXBuildFile; fileRef = 3B41786C1C2135DD006CB7ED /* ShowIntroViewController.swift */; };
		3B41D11B1C16C6DA0054FC10 /* RecipeManager.swift in Sources */ = {isa = PBXBuildFile; fileRef = 3B41D11A1C16C6DA0054FC10 /* RecipeManager.swift */; };
		3B41D12C1C16C9230054FC10 /* DbModel.swift in Sources */ = {isa = PBXBuildFile; fileRef = 3B41D1271C16C9230054FC10 /* DbModel.swift */; };
		3B41D12D1C16C9230054FC10 /* ExtendDate.swift in Sources */ = {isa = PBXBuildFile; fileRef = 3B41D1281C16C9230054FC10 /* ExtendDate.swift */; };
		3B41D12E1C16C9230054FC10 /* ExtendObservable.swift in Sources */ = {isa = PBXBuildFile; fileRef = 3B41D1291C16C9230054FC10 /* ExtendObservable.swift */; };
		3B41D12F1C16C9230054FC10 /* JsonModel.swift in Sources */ = {isa = PBXBuildFile; fileRef = 3B41D12A1C16C9230054FC10 /* JsonModel.swift */; };
		3B41D1301C16C9230054FC10 /* RestApiModel.swift in Sources */ = {isa = PBXBuildFile; fileRef = 3B41D12B1C16C9230054FC10 /* RestApiModel.swift */; };
		3B41D1361C16D12E0054FC10 /* Argo.framework in Frameworks */ = {isa = PBXBuildFile; fileRef = 3B41D1311C16D0E50054FC10 /* Argo.framework */; };
		3B41D1371C16D12E0054FC10 /* RxMoya.framework in Frameworks */ = {isa = PBXBuildFile; fileRef = 3B41D1341C16D1190054FC10 /* RxMoya.framework */; };
		3B41D1431C16D12E0054FC10 /* Alamofire.framework in Frameworks */ = {isa = PBXBuildFile; fileRef = 3B41D1381C16D12E0054FC10 /* Alamofire.framework */; };
		3B41D1441C16D12E0054FC10 /* Curry.framework in Frameworks */ = {isa = PBXBuildFile; fileRef = 3B41D1391C16D12E0054FC10 /* Curry.framework */; };
		3B41D1451C16D12E0054FC10 /* Moya.framework in Frameworks */ = {isa = PBXBuildFile; fileRef = 3B41D13A1C16D12E0054FC10 /* Moya.framework */; };
		3B41D1461C16D12E0054FC10 /* ReactiveCocoa.framework in Frameworks */ = {isa = PBXBuildFile; fileRef = 3B41D13B1C16D12E0054FC10 /* ReactiveCocoa.framework */; };
		3B41D1471C16D12E0054FC10 /* ReactiveMoya.framework in Frameworks */ = {isa = PBXBuildFile; fileRef = 3B41D13C1C16D12E0054FC10 /* ReactiveMoya.framework */; };
		3B41D1481C16D12E0054FC10 /* Realm.framework in Frameworks */ = {isa = PBXBuildFile; fileRef = 3B41D13D1C16D12E0054FC10 /* Realm.framework */; };
		3B41D1491C16D12E0054FC10 /* RealmSwift.framework in Frameworks */ = {isa = PBXBuildFile; fileRef = 3B41D13E1C16D12E0054FC10 /* RealmSwift.framework */; };
		3B41D14A1C16D12E0054FC10 /* Result.framework in Frameworks */ = {isa = PBXBuildFile; fileRef = 3B41D13F1C16D12E0054FC10 /* Result.framework */; };
		3B41D14B1C16D12E0054FC10 /* RxBlocking.framework in Frameworks */ = {isa = PBXBuildFile; fileRef = 3B41D1401C16D12E0054FC10 /* RxBlocking.framework */; };
		3B41D14C1C16D12E0054FC10 /* RxCocoa.framework in Frameworks */ = {isa = PBXBuildFile; fileRef = 3B41D1411C16D12E0054FC10 /* RxCocoa.framework */; };
		3B41D14D1C16D12E0054FC10 /* RxSwift.framework in Frameworks */ = {isa = PBXBuildFile; fileRef = 3B41D1421C16D12E0054FC10 /* RxSwift.framework */; };
		3B4A47DF1C26FD6100662913 /* QandANewQuestionViewController.swift in Sources */ = {isa = PBXBuildFile; fileRef = 3B4A47DE1C26FD6100662913 /* QandANewQuestionViewController.swift */; };
		3B4D7BB61C23BFB9009E37AE /* Toast.swift in Sources */ = {isa = PBXBuildFile; fileRef = 3B4D7BB51C23BFB9009E37AE /* Toast.swift */; };
		3B5565851C16F65000CFF1B4 /* RecipeTableViewCell.swift in Sources */ = {isa = PBXBuildFile; fileRef = 3B5565841C16F65000CFF1B4 /* RecipeTableViewCell.swift */; };
		3B5565871C16F67700CFF1B4 /* RecipeDetailViewController.swift in Sources */ = {isa = PBXBuildFile; fileRef = 3B5565861C16F67700CFF1B4 /* RecipeDetailViewController.swift */; };
		3B5565891C17F2DA00CFF1B4 /* UIModel.swift in Sources */ = {isa = PBXBuildFile; fileRef = 3B5565881C17F2DA00CFF1B4 /* UIModel.swift */; };
		3B62E8C01C16A473008AA784 /* CardView.swift in Sources */ = {isa = PBXBuildFile; fileRef = 3B62E8BF1C16A473008AA784 /* CardView.swift */; };
		3B854B631C2401D900F286AD /* QandADetailViewController.swift in Sources */ = {isa = PBXBuildFile; fileRef = 3B854B621C2401D900F286AD /* QandADetailViewController.swift */; };
		3B9DD55F1C214506000FE1DF /* Collections.storyboard in Resources */ = {isa = PBXBuildFile; fileRef = 3B9DD55E1C214506000FE1DF /* Collections.storyboard */; };
		3B9DD5611C214534000FE1DF /* QandA.storyboard in Resources */ = {isa = PBXBuildFile; fileRef = 3B9DD5601C214534000FE1DF /* QandA.storyboard */; };
		3B9DD5631C214554000FE1DF /* Links.storyboard in Resources */ = {isa = PBXBuildFile; fileRef = 3B9DD5621C214554000FE1DF /* Links.storyboard */; };
		3B9DD5661C21456F000FE1DF /* Bonus.storyboard in Resources */ = {isa = PBXBuildFile; fileRef = 3B9DD5641C21456F000FE1DF /* Bonus.storyboard */; };
		3BA2580D1C2824D800FA5A7C /* LinkFriendViewController.swift in Sources */ = {isa = PBXBuildFile; fileRef = 3BA2580C1C2824D800FA5A7C /* LinkFriendViewController.swift */; };
		3BA2580F1C28998800FA5A7C /* VideoPlayerViewController.swift in Sources */ = {isa = PBXBuildFile; fileRef = 3BA2580E1C28998800FA5A7C /* VideoPlayerViewController.swift */; };
		3BBDCAC91C213E5900A0E4E3 /* ShowTeacherViewController.swift in Sources */ = {isa = PBXBuildFile; fileRef = 3BBDCAC81C213E5900A0E4E3 /* ShowTeacherViewController.swift */; };
		3BC240EC1C29171100A79E4D /* Assets in Resources */ = {isa = PBXBuildFile; fileRef = 3BC240EB1C29171100A79E4D /* Assets */; };
		3BC240EE1C291C1600A79E4D /* VideoManager.swift in Sources */ = {isa = PBXBuildFile; fileRef = 3BC240ED1C291C1600A79E4D /* VideoManager.swift */; };
		3BC240F01C2922B300A79E4D /* VideoTableViewCell.swift in Sources */ = {isa = PBXBuildFile; fileRef = 3BC240EF1C2922B300A79E4D /* VideoTableViewCell.swift */; };
		3BCE50691C15BFB60088794A /* MainViewController.swift in Sources */ = {isa = PBXBuildFile; fileRef = 3BCE50681C15BFB60088794A /* MainViewController.swift */; };
		3BCE506B1C15C0A70088794A /* ShowInfosViewController.swift in Sources */ = {isa = PBXBuildFile; fileRef = 3BCE506A1C15C0A70088794A /* ShowInfosViewController.swift */; };
		3BCE506E1C15C6E20088794A /* Cartfile in Resources */ = {isa = PBXBuildFile; fileRef = 3BCE506D1C15C6E20088794A /* Cartfile */; };
		3BCE50701C168AB60088794A /* VideosViewController.swift in Sources */ = {isa = PBXBuildFile; fileRef = 3BCE506F1C168AB60088794A /* VideosViewController.swift */; };
		3BCE50781C168BDD0088794A /* RecipesViewController.swift in Sources */ = {isa = PBXBuildFile; fileRef = 3BCE50771C168BDD0088794A /* RecipesViewController.swift */; };
		3BCE507A1C168BF10088794A /* CollectionsViewController.swift in Sources */ = {isa = PBXBuildFile; fileRef = 3BCE50791C168BF10088794A /* CollectionsViewController.swift */; };
		3BCE507C1C168C040088794A /* QandAViewController.swift in Sources */ = {isa = PBXBuildFile; fileRef = 3BCE507B1C168C040088794A /* QandAViewController.swift */; };
		3BCE507E1C168C100088794A /* LinksViewController.swift in Sources */ = {isa = PBXBuildFile; fileRef = 3BCE507D1C168C100088794A /* LinksViewController.swift */; };
		3BCE50801C168C1D0088794A /* BonusViewController.swift in Sources */ = {isa = PBXBuildFile; fileRef = 3BCE507F1C168C1D0088794A /* BonusViewController.swift */; };
		3BCE50821C168E1E0088794A /* ShowInfos.storyboard in Resources */ = {isa = PBXBuildFile; fileRef = 3BCE50811C168E1E0088794A /* ShowInfos.storyboard */; };
		3BCE50841C1698AF0088794A /* Recipes.storyboard in Resources */ = {isa = PBXBuildFile; fileRef = 3BCE50831C1698AF0088794A /* Recipes.storyboard */; };
		3BCE50861C1698DA0088794A /* Videos.storyboard in Resources */ = {isa = PBXBuildFile; fileRef = 3BCE50851C1698DA0088794A /* Videos.storyboard */; };
		3BD721141C117870006716D4 /* AppDelegate.swift in Sources */ = {isa = PBXBuildFile; fileRef = 3BD721131C117870006716D4 /* AppDelegate.swift */; };
		3BD721191C117870006716D4 /* Main.storyboard in Resources */ = {isa = PBXBuildFile; fileRef = 3BD721171C117870006716D4 /* Main.storyboard */; };
		3BD7211B1C117870006716D4 /* Assets.xcassets in Resources */ = {isa = PBXBuildFile; fileRef = 3BD7211A1C117870006716D4 /* Assets.xcassets */; };
		3BD7211E1C117870006716D4 /* LaunchScreen.storyboard in Resources */ = {isa = PBXBuildFile; fileRef = 3BD7211C1C117870006716D4 /* LaunchScreen.storyboard */; };
		3BDF65B11C28EDCD0040F5DB /* CollectionDetailViewController.swift in Sources */ = {isa = PBXBuildFile; fileRef = 3BDF65B01C28EDCD0040F5DB /* CollectionDetailViewController.swift */; };
		3BDF65B31C28EDE20040F5DB /* CollectionTutorialViewController.swift in Sources */ = {isa = PBXBuildFile; fileRef = 3BDF65B21C28EDE20040F5DB /* CollectionTutorialViewController.swift */; };
		3BDF65B71C28EE0F0040F5DB /* CollectionVideoTutorialViewController.swift in Sources */ = {isa = PBXBuildFile; fileRef = 3BDF65B61C28EE0F0040F5DB /* CollectionVideoTutorialViewController.swift */; };
		3BDF65B91C28EE2A0040F5DB /* CollectionManager.swift in Sources */ = {isa = PBXBuildFile; fileRef = 3BDF65B81C28EE2A0040F5DB /* CollectionManager.swift */; };
		3BDF65BB1C28EE570040F5DB /* CollectionTableViewCell.swift in Sources */ = {isa = PBXBuildFile; fileRef = 3BDF65BA1C28EE570040F5DB /* CollectionTableViewCell.swift */; };
		3BDF65C11C28FF370040F5DB /* YTPlayerView.m in Sources */ = {isa = PBXBuildFile; fileRef = 3BDF65BF1C28FF370040F5DB /* YTPlayerView.m */; };
		3BFBD5451C27063D00313896 /* ColorUtils.swift in Sources */ = {isa = PBXBuildFile; fileRef = 3BFBD5441C27063D00313896 /* ColorUtils.swift */; };
		3BFBD5691C27847500313896 /* Login.storyboard in Resources */ = {isa = PBXBuildFile; fileRef = 3BFBD5681C27847500313896 /* Login.storyboard */; };
		3BFBD56B1C2784BA00313896 /* LoginViewController.swift in Sources */ = {isa = PBXBuildFile; fileRef = 3BFBD56A1C2784BA00313896 /* LoginViewController.swift */; };
		3BFBD56D1C278CF100313896 /* LoginManager.swift in Sources */ = {isa = PBXBuildFile; fileRef = 3BFBD56C1C278CF100313896 /* LoginManager.swift */; };
/* End PBXBuildFile section */

/* Begin PBXFileReference section */
		0957F1D91C33BE0D00357DF4 /* FBSDKCoreKit.framework */ = {isa = PBXFileReference; lastKnownFileType = wrapper.framework; name = FBSDKCoreKit.framework; path = ios7funs/Lib3rdParty/FBSDKCoreKit.framework; sourceTree = "<group>"; };
		0957F1DA1C33BE0D00357DF4 /* FBSDKLoginKit.framework */ = {isa = PBXFileReference; lastKnownFileType = wrapper.framework; name = FBSDKLoginKit.framework; path = ios7funs/Lib3rdParty/FBSDKLoginKit.framework; sourceTree = "<group>"; };
		3B12806D1C3A64BF00AE2CC6 /* QandAManager.swift */ = {isa = PBXFileReference; fileEncoding = 4; lastKnownFileType = sourcecode.swift; name = QandAManager.swift; path = QandA/QandAManager.swift; sourceTree = "<group>"; };
		3B12806F1C3A6E4200AE2CC6 /* QuestionTableViewCell.swift */ = {isa = PBXFileReference; fileEncoding = 4; lastKnownFileType = sourcecode.swift; name = QuestionTableViewCell.swift; path = QandA/QuestionTableViewCell.swift; sourceTree = "<group>"; };
		3B36CBAC1C27D535003666D7 /* RegisterViewController.swift */ = {isa = PBXFileReference; fileEncoding = 4; lastKnownFileType = sourcecode.swift; name = RegisterViewController.swift; path = Login/RegisterViewController.swift; sourceTree = "<group>"; };
		3B36CBAE1C27D673003666D7 /* ForgotPasswordViewController.swift */ = {isa = PBXFileReference; fileEncoding = 4; lastKnownFileType = sourcecode.swift; name = ForgotPasswordViewController.swift; path = Login/ForgotPasswordViewController.swift; sourceTree = "<group>"; };
		3B4178601C20B23F006CB7ED /* AYOSegmentedControl.swift */ = {isa = PBXFileReference; fileEncoding = 4; lastKnownFileType = sourcecode.swift; name = AYOSegmentedControl.swift; path = Utils/AYOSegmentedControl.swift; sourceTree = "<group>"; };
		3B4178621C20B270006CB7ED /* ImageLoader.swift */ = {isa = PBXFileReference; fileEncoding = 4; lastKnownFileType = sourcecode.swift; name = ImageLoader.swift; path = Utils/ImageLoader.swift; sourceTree = "<group>"; };
		3B4178631C20B270006CB7ED /* Marco.swift */ = {isa = PBXFileReference; fileEncoding = 4; lastKnownFileType = sourcecode.swift; name = Marco.swift; path = Utils/Marco.swift; sourceTree = "<group>"; };
		3B4178641C20B270006CB7ED /* Utils.swift */ = {isa = PBXFileReference; fileEncoding = 4; lastKnownFileType = sourcecode.swift; name = Utils.swift; path = Utils/Utils.swift; sourceTree = "<group>"; };
		3B4178681C20C252006CB7ED /* RecipeVideoTutorialViewController.swift */ = {isa = PBXFileReference; fileEncoding = 4; lastKnownFileType = sourcecode.swift; path = RecipeVideoTutorialViewController.swift; sourceTree = "<group>"; };
		3B41786A1C20DEBE006CB7ED /* RecipeTutorialViewController.swift */ = {isa = PBXFileReference; fileEncoding = 4; lastKnownFileType = sourcecode.swift; name = RecipeTutorialViewController.swift; path = Recipes/RecipeTutorialViewController.swift; sourceTree = "<group>"; };
		3B41786C1C2135DD006CB7ED /* ShowIntroViewController.swift */ = {isa = PBXFileReference; fileEncoding = 4; lastKnownFileType = sourcecode.swift; name = ShowIntroViewController.swift; path = ShowInfos/ShowIntroViewController.swift; sourceTree = "<group>"; };
		3B41D11A1C16C6DA0054FC10 /* RecipeManager.swift */ = {isa = PBXFileReference; fileEncoding = 4; lastKnownFileType = sourcecode.swift; name = RecipeManager.swift; path = Recipes/RecipeManager.swift; sourceTree = "<group>"; };
		3B41D1271C16C9230054FC10 /* DbModel.swift */ = {isa = PBXFileReference; fileEncoding = 4; lastKnownFileType = sourcecode.swift; name = DbModel.swift; path = Models/DbModel.swift; sourceTree = "<group>"; };
		3B41D1281C16C9230054FC10 /* ExtendDate.swift */ = {isa = PBXFileReference; fileEncoding = 4; lastKnownFileType = sourcecode.swift; name = ExtendDate.swift; path = Models/ExtendDate.swift; sourceTree = "<group>"; };
		3B41D1291C16C9230054FC10 /* ExtendObservable.swift */ = {isa = PBXFileReference; fileEncoding = 4; lastKnownFileType = sourcecode.swift; name = ExtendObservable.swift; path = Models/ExtendObservable.swift; sourceTree = "<group>"; };
		3B41D12A1C16C9230054FC10 /* JsonModel.swift */ = {isa = PBXFileReference; fileEncoding = 4; lastKnownFileType = sourcecode.swift; name = JsonModel.swift; path = Models/JsonModel.swift; sourceTree = "<group>"; };
		3B41D12B1C16C9230054FC10 /* RestApiModel.swift */ = {isa = PBXFileReference; fileEncoding = 4; lastKnownFileType = sourcecode.swift; name = RestApiModel.swift; path = Models/RestApiModel.swift; sourceTree = "<group>"; };
		3B41D1311C16D0E50054FC10 /* Argo.framework */ = {isa = PBXFileReference; lastKnownFileType = wrapper.framework; name = Argo.framework; path = ios7funs/Carthage/Build/iOS/Argo.framework; sourceTree = "<group>"; };
		3B41D1341C16D1190054FC10 /* RxMoya.framework */ = {isa = PBXFileReference; lastKnownFileType = wrapper.framework; name = RxMoya.framework; path = ios7funs/Carthage/Build/iOS/RxMoya.framework; sourceTree = "<group>"; };
		3B41D1381C16D12E0054FC10 /* Alamofire.framework */ = {isa = PBXFileReference; lastKnownFileType = wrapper.framework; name = Alamofire.framework; path = ios7funs/Carthage/Build/iOS/Alamofire.framework; sourceTree = "<group>"; };
		3B41D1391C16D12E0054FC10 /* Curry.framework */ = {isa = PBXFileReference; lastKnownFileType = wrapper.framework; name = Curry.framework; path = ios7funs/Carthage/Build/iOS/Curry.framework; sourceTree = "<group>"; };
		3B41D13A1C16D12E0054FC10 /* Moya.framework */ = {isa = PBXFileReference; lastKnownFileType = wrapper.framework; name = Moya.framework; path = ios7funs/Carthage/Build/iOS/Moya.framework; sourceTree = "<group>"; };
		3B41D13B1C16D12E0054FC10 /* ReactiveCocoa.framework */ = {isa = PBXFileReference; lastKnownFileType = wrapper.framework; name = ReactiveCocoa.framework; path = ios7funs/Carthage/Build/iOS/ReactiveCocoa.framework; sourceTree = "<group>"; };
		3B41D13C1C16D12E0054FC10 /* ReactiveMoya.framework */ = {isa = PBXFileReference; lastKnownFileType = wrapper.framework; name = ReactiveMoya.framework; path = ios7funs/Carthage/Build/iOS/ReactiveMoya.framework; sourceTree = "<group>"; };
		3B41D13D1C16D12E0054FC10 /* Realm.framework */ = {isa = PBXFileReference; lastKnownFileType = wrapper.framework; name = Realm.framework; path = ios7funs/Carthage/Build/iOS/Realm.framework; sourceTree = "<group>"; };
		3B41D13E1C16D12E0054FC10 /* RealmSwift.framework */ = {isa = PBXFileReference; lastKnownFileType = wrapper.framework; name = RealmSwift.framework; path = ios7funs/Carthage/Build/iOS/RealmSwift.framework; sourceTree = "<group>"; };
		3B41D13F1C16D12E0054FC10 /* Result.framework */ = {isa = PBXFileReference; lastKnownFileType = wrapper.framework; name = Result.framework; path = ios7funs/Carthage/Build/iOS/Result.framework; sourceTree = "<group>"; };
		3B41D1401C16D12E0054FC10 /* RxBlocking.framework */ = {isa = PBXFileReference; lastKnownFileType = wrapper.framework; name = RxBlocking.framework; path = ios7funs/Carthage/Build/iOS/RxBlocking.framework; sourceTree = "<group>"; };
		3B41D1411C16D12E0054FC10 /* RxCocoa.framework */ = {isa = PBXFileReference; lastKnownFileType = wrapper.framework; name = RxCocoa.framework; path = ios7funs/Carthage/Build/iOS/RxCocoa.framework; sourceTree = "<group>"; };
		3B41D1421C16D12E0054FC10 /* RxSwift.framework */ = {isa = PBXFileReference; lastKnownFileType = wrapper.framework; name = RxSwift.framework; path = ios7funs/Carthage/Build/iOS/RxSwift.framework; sourceTree = "<group>"; };
		3B4A47DE1C26FD6100662913 /* QandANewQuestionViewController.swift */ = {isa = PBXFileReference; fileEncoding = 4; lastKnownFileType = sourcecode.swift; name = QandANewQuestionViewController.swift; path = QandA/QandANewQuestionViewController.swift; sourceTree = "<group>"; };
		3B4D7BB51C23BFB9009E37AE /* Toast.swift */ = {isa = PBXFileReference; fileEncoding = 4; lastKnownFileType = sourcecode.swift; path = Toast.swift; sourceTree = "<group>"; };
		3B5565841C16F65000CFF1B4 /* RecipeTableViewCell.swift */ = {isa = PBXFileReference; fileEncoding = 4; lastKnownFileType = sourcecode.swift; name = RecipeTableViewCell.swift; path = Recipes/RecipeTableViewCell.swift; sourceTree = "<group>"; };
		3B5565861C16F67700CFF1B4 /* RecipeDetailViewController.swift */ = {isa = PBXFileReference; fileEncoding = 4; lastKnownFileType = sourcecode.swift; name = RecipeDetailViewController.swift; path = Recipes/RecipeDetailViewController.swift; sourceTree = "<group>"; };
		3B5565881C17F2DA00CFF1B4 /* UIModel.swift */ = {isa = PBXFileReference; fileEncoding = 4; lastKnownFileType = sourcecode.swift; name = UIModel.swift; path = Models/UIModel.swift; sourceTree = "<group>"; };
		3B62E8BF1C16A473008AA784 /* CardView.swift */ = {isa = PBXFileReference; fileEncoding = 4; lastKnownFileType = sourcecode.swift; name = CardView.swift; path = Utils/CardView.swift; sourceTree = "<group>"; };
		3B854B621C2401D900F286AD /* QandADetailViewController.swift */ = {isa = PBXFileReference; fileEncoding = 4; lastKnownFileType = sourcecode.swift; name = QandADetailViewController.swift; path = QandA/QandADetailViewController.swift; sourceTree = "<group>"; };
		3B9DD55E1C214506000FE1DF /* Collections.storyboard */ = {isa = PBXFileReference; fileEncoding = 4; lastKnownFileType = file.storyboard; name = Collections.storyboard; path = Collections/Collections.storyboard; sourceTree = "<group>"; };
		3B9DD5601C214534000FE1DF /* QandA.storyboard */ = {isa = PBXFileReference; fileEncoding = 4; lastKnownFileType = file.storyboard; name = QandA.storyboard; path = QandA/QandA.storyboard; sourceTree = "<group>"; };
		3B9DD5621C214554000FE1DF /* Links.storyboard */ = {isa = PBXFileReference; fileEncoding = 4; lastKnownFileType = file.storyboard; name = Links.storyboard; path = Links/Links.storyboard; sourceTree = "<group>"; };
		3B9DD5651C21456F000FE1DF /* Base */ = {isa = PBXFileReference; lastKnownFileType = file.storyboard; name = Base; path = Base.lproj/Bonus.storyboard; sourceTree = "<group>"; };
		3BA2580C1C2824D800FA5A7C /* LinkFriendViewController.swift */ = {isa = PBXFileReference; fileEncoding = 4; lastKnownFileType = sourcecode.swift; name = LinkFriendViewController.swift; path = Links/LinkFriendViewController.swift; sourceTree = "<group>"; };
		3BA2580E1C28998800FA5A7C /* VideoPlayerViewController.swift */ = {isa = PBXFileReference; fileEncoding = 4; lastKnownFileType = sourcecode.swift; name = VideoPlayerViewController.swift; path = Videos/VideoPlayerViewController.swift; sourceTree = "<group>"; };
		3BA258111C28D77100FA5A7C /* ios7funs-Bridging-Header.h */ = {isa = PBXFileReference; lastKnownFileType = sourcecode.c.h; path = "ios7funs-Bridging-Header.h"; sourceTree = "<group>"; };
		3BBDCAC81C213E5900A0E4E3 /* ShowTeacherViewController.swift */ = {isa = PBXFileReference; fileEncoding = 4; lastKnownFileType = sourcecode.swift; name = ShowTeacherViewController.swift; path = ShowInfos/ShowTeacherViewController.swift; sourceTree = "<group>"; };
		3BC240EB1C29171100A79E4D /* Assets */ = {isa = PBXFileReference; lastKnownFileType = folder; name = Assets; path = Utils/Assets; sourceTree = "<group>"; };
		3BC240ED1C291C1600A79E4D /* VideoManager.swift */ = {isa = PBXFileReference; fileEncoding = 4; lastKnownFileType = sourcecode.swift; path = VideoManager.swift; sourceTree = "<group>"; };
		3BC240EF1C2922B300A79E4D /* VideoTableViewCell.swift */ = {isa = PBXFileReference; fileEncoding = 4; lastKnownFileType = sourcecode.swift; name = VideoTableViewCell.swift; path = Videos/VideoTableViewCell.swift; sourceTree = "<group>"; };
		3BCE50681C15BFB60088794A /* MainViewController.swift */ = {isa = PBXFileReference; fileEncoding = 4; lastKnownFileType = sourcecode.swift; path = MainViewController.swift; sourceTree = "<group>"; };
		3BCE506A1C15C0A70088794A /* ShowInfosViewController.swift */ = {isa = PBXFileReference; fileEncoding = 4; lastKnownFileType = sourcecode.swift; name = ShowInfosViewController.swift; path = ShowInfos/ShowInfosViewController.swift; sourceTree = "<group>"; };
		3BCE506D1C15C6E20088794A /* Cartfile */ = {isa = PBXFileReference; fileEncoding = 4; lastKnownFileType = text; path = Cartfile; sourceTree = "<group>"; };
		3BCE506F1C168AB60088794A /* VideosViewController.swift */ = {isa = PBXFileReference; fileEncoding = 4; lastKnownFileType = sourcecode.swift; name = VideosViewController.swift; path = Videos/VideosViewController.swift; sourceTree = "<group>"; };
		3BCE50771C168BDD0088794A /* RecipesViewController.swift */ = {isa = PBXFileReference; fileEncoding = 4; lastKnownFileType = sourcecode.swift; name = RecipesViewController.swift; path = Recipes/RecipesViewController.swift; sourceTree = "<group>"; };
		3BCE50791C168BF10088794A /* CollectionsViewController.swift */ = {isa = PBXFileReference; fileEncoding = 4; lastKnownFileType = sourcecode.swift; name = CollectionsViewController.swift; path = Collections/CollectionsViewController.swift; sourceTree = "<group>"; };
		3BCE507B1C168C040088794A /* QandAViewController.swift */ = {isa = PBXFileReference; fileEncoding = 4; lastKnownFileType = sourcecode.swift; name = QandAViewController.swift; path = QandA/QandAViewController.swift; sourceTree = "<group>"; };
		3BCE507D1C168C100088794A /* LinksViewController.swift */ = {isa = PBXFileReference; fileEncoding = 4; lastKnownFileType = sourcecode.swift; name = LinksViewController.swift; path = Links/LinksViewController.swift; sourceTree = "<group>"; };
		3BCE507F1C168C1D0088794A /* BonusViewController.swift */ = {isa = PBXFileReference; fileEncoding = 4; lastKnownFileType = sourcecode.swift; name = BonusViewController.swift; path = Bonus/BonusViewController.swift; sourceTree = "<group>"; };
		3BCE50811C168E1E0088794A /* ShowInfos.storyboard */ = {isa = PBXFileReference; fileEncoding = 4; lastKnownFileType = file.storyboard; name = ShowInfos.storyboard; path = ShowInfos/ShowInfos.storyboard; sourceTree = "<group>"; };
		3BCE50831C1698AF0088794A /* Recipes.storyboard */ = {isa = PBXFileReference; fileEncoding = 4; lastKnownFileType = file.storyboard; name = Recipes.storyboard; path = Recipes/Recipes.storyboard; sourceTree = "<group>"; };
		3BCE50851C1698DA0088794A /* Videos.storyboard */ = {isa = PBXFileReference; fileEncoding = 4; lastKnownFileType = file.storyboard; name = Videos.storyboard; path = Videos/Videos.storyboard; sourceTree = "<group>"; };
		3BD721101C117870006716D4 /* ios7funs.app */ = {isa = PBXFileReference; explicitFileType = wrapper.application; includeInIndex = 0; path = ios7funs.app; sourceTree = BUILT_PRODUCTS_DIR; };
		3BD721131C117870006716D4 /* AppDelegate.swift */ = {isa = PBXFileReference; lastKnownFileType = sourcecode.swift; path = AppDelegate.swift; sourceTree = "<group>"; };
		3BD721181C117870006716D4 /* Base */ = {isa = PBXFileReference; lastKnownFileType = file.storyboard; name = Base; path = Base.lproj/Main.storyboard; sourceTree = "<group>"; };
		3BD7211A1C117870006716D4 /* Assets.xcassets */ = {isa = PBXFileReference; lastKnownFileType = folder.assetcatalog; path = Assets.xcassets; sourceTree = "<group>"; };
		3BD7211D1C117870006716D4 /* Base */ = {isa = PBXFileReference; lastKnownFileType = file.storyboard; name = Base; path = Base.lproj/LaunchScreen.storyboard; sourceTree = "<group>"; };
		3BD7211F1C117870006716D4 /* Info.plist */ = {isa = PBXFileReference; lastKnownFileType = text.plist.xml; path = Info.plist; sourceTree = "<group>"; };
		3BDF65B01C28EDCD0040F5DB /* CollectionDetailViewController.swift */ = {isa = PBXFileReference; fileEncoding = 4; lastKnownFileType = sourcecode.swift; name = CollectionDetailViewController.swift; path = Collections/CollectionDetailViewController.swift; sourceTree = "<group>"; };
		3BDF65B21C28EDE20040F5DB /* CollectionTutorialViewController.swift */ = {isa = PBXFileReference; fileEncoding = 4; lastKnownFileType = sourcecode.swift; name = CollectionTutorialViewController.swift; path = Collections/CollectionTutorialViewController.swift; sourceTree = "<group>"; };
		3BDF65B61C28EE0F0040F5DB /* CollectionVideoTutorialViewController.swift */ = {isa = PBXFileReference; fileEncoding = 4; lastKnownFileType = sourcecode.swift; name = CollectionVideoTutorialViewController.swift; path = Collections/CollectionVideoTutorialViewController.swift; sourceTree = "<group>"; };
		3BDF65B81C28EE2A0040F5DB /* CollectionManager.swift */ = {isa = PBXFileReference; fileEncoding = 4; lastKnownFileType = sourcecode.swift; name = CollectionManager.swift; path = Collections/CollectionManager.swift; sourceTree = "<group>"; };
		3BDF65BA1C28EE570040F5DB /* CollectionTableViewCell.swift */ = {isa = PBXFileReference; fileEncoding = 4; lastKnownFileType = sourcecode.swift; name = CollectionTableViewCell.swift; path = Collections/CollectionTableViewCell.swift; sourceTree = "<group>"; };
		3BDF65BE1C28FF370040F5DB /* YTPlayerView.h */ = {isa = PBXFileReference; fileEncoding = 4; lastKnownFileType = sourcecode.c.h; name = YTPlayerView.h; path = Utils/YTPlayerView.h; sourceTree = "<group>"; };
		3BDF65BF1C28FF370040F5DB /* YTPlayerView.m */ = {isa = PBXFileReference; fileEncoding = 4; lastKnownFileType = sourcecode.c.objc; name = YTPlayerView.m; path = Utils/YTPlayerView.m; sourceTree = "<group>"; };
		3BFBD5441C27063D00313896 /* ColorUtils.swift */ = {isa = PBXFileReference; fileEncoding = 4; lastKnownFileType = sourcecode.swift; path = ColorUtils.swift; sourceTree = "<group>"; };
		3BFBD5681C27847500313896 /* Login.storyboard */ = {isa = PBXFileReference; fileEncoding = 4; lastKnownFileType = file.storyboard; name = Login.storyboard; path = Login/Login.storyboard; sourceTree = "<group>"; };
		3BFBD56A1C2784BA00313896 /* LoginViewController.swift */ = {isa = PBXFileReference; fileEncoding = 4; lastKnownFileType = sourcecode.swift; name = LoginViewController.swift; path = Login/LoginViewController.swift; sourceTree = "<group>"; };
		3BFBD56C1C278CF100313896 /* LoginManager.swift */ = {isa = PBXFileReference; fileEncoding = 4; lastKnownFileType = sourcecode.swift; name = LoginManager.swift; path = Login/LoginManager.swift; sourceTree = "<group>"; };
/* End PBXFileReference section */

/* Begin PBXFrameworksBuildPhase section */
		3BD7210D1C117870006716D4 /* Frameworks */ = {
			isa = PBXFrameworksBuildPhase;
			buildActionMask = 2147483647;
			files = (
				3B41D1431C16D12E0054FC10 /* Alamofire.framework in Frameworks */,
				3B41D1361C16D12E0054FC10 /* Argo.framework in Frameworks */,
				3B41D1441C16D12E0054FC10 /* Curry.framework in Frameworks */,
				3B41D1451C16D12E0054FC10 /* Moya.framework in Frameworks */,
				3B41D1481C16D12E0054FC10 /* Realm.framework in Frameworks */,
				3B41D1491C16D12E0054FC10 /* RealmSwift.framework in Frameworks */,
				3B41D1461C16D12E0054FC10 /* ReactiveCocoa.framework in Frameworks */,
				3B41D1471C16D12E0054FC10 /* ReactiveMoya.framework in Frameworks */,
				3B41D14A1C16D12E0054FC10 /* Result.framework in Frameworks */,
				3B41D14B1C16D12E0054FC10 /* RxBlocking.framework in Frameworks */,
				3B41D14C1C16D12E0054FC10 /* RxCocoa.framework in Frameworks */,
				3B41D14D1C16D12E0054FC10 /* RxSwift.framework in Frameworks */,
				3B41D1371C16D12E0054FC10 /* RxMoya.framework in Frameworks */,
				0957F1DB1C33BE0D00357DF4 /* FBSDKCoreKit.framework in Frameworks */,
				0957F1DC1C33BE0D00357DF4 /* FBSDKLoginKit.framework in Frameworks */,
			);
			runOnlyForDeploymentPostprocessing = 0;
		};
/* End PBXFrameworksBuildPhase section */

/* Begin PBXGroup section */
		3B41D11C1C16C8C50054FC10 /* Models */ = {
			isa = PBXGroup;
			children = (
				3B5565881C17F2DA00CFF1B4 /* UIModel.swift */,
				3B41D1271C16C9230054FC10 /* DbModel.swift */,
				3B41D1281C16C9230054FC10 /* ExtendDate.swift */,
				3B41D1291C16C9230054FC10 /* ExtendObservable.swift */,
				3B41D12A1C16C9230054FC10 /* JsonModel.swift */,
				3B41D12B1C16C9230054FC10 /* RestApiModel.swift */,
			);
			name = Models;
			sourceTree = "<group>";
		};
		3B41D1331C16D0EE0054FC10 /* Frameworks */ = {
			isa = PBXGroup;
			children = (
				0957F1D91C33BE0D00357DF4 /* FBSDKCoreKit.framework */,
				0957F1DA1C33BE0D00357DF4 /* FBSDKLoginKit.framework */,
				3B41D1381C16D12E0054FC10 /* Alamofire.framework */,
				3B41D1391C16D12E0054FC10 /* Curry.framework */,
				3B41D13A1C16D12E0054FC10 /* Moya.framework */,
				3B41D13B1C16D12E0054FC10 /* ReactiveCocoa.framework */,
				3B41D13C1C16D12E0054FC10 /* ReactiveMoya.framework */,
				3B41D13D1C16D12E0054FC10 /* Realm.framework */,
				3B41D13E1C16D12E0054FC10 /* RealmSwift.framework */,
				3B41D13F1C16D12E0054FC10 /* Result.framework */,
				3B41D1401C16D12E0054FC10 /* RxBlocking.framework */,
				3B41D1411C16D12E0054FC10 /* RxCocoa.framework */,
				3B41D1421C16D12E0054FC10 /* RxSwift.framework */,
				3B41D1341C16D1190054FC10 /* RxMoya.framework */,
				3B41D1311C16D0E50054FC10 /* Argo.framework */,
			);
			name = Frameworks;
			sourceTree = "<group>";
		};
		3B62E8BE1C16A455008AA784 /* Utils */ = {
			isa = PBXGroup;
			children = (
				3BC240EB1C29171100A79E4D /* Assets */,
				3BDF65BE1C28FF370040F5DB /* YTPlayerView.h */,
				3BDF65BF1C28FF370040F5DB /* YTPlayerView.m */,
				3BFBD5441C27063D00313896 /* ColorUtils.swift */,
				3B4D7BB51C23BFB9009E37AE /* Toast.swift */,
				3B4178621C20B270006CB7ED /* ImageLoader.swift */,
				3B4178631C20B270006CB7ED /* Marco.swift */,
				3B4178641C20B270006CB7ED /* Utils.swift */,
				3B4178601C20B23F006CB7ED /* AYOSegmentedControl.swift */,
				3B62E8BF1C16A473008AA784 /* CardView.swift */,
				3BA258111C28D77100FA5A7C /* ios7funs-Bridging-Header.h */,
			);
			name = Utils;
			sourceTree = "<group>";
		};
		3BCE506C1C15C0AC0088794A /* ShowInfos */ = {
			isa = PBXGroup;
			children = (
				3BCE50811C168E1E0088794A /* ShowInfos.storyboard */,
				3BCE506A1C15C0A70088794A /* ShowInfosViewController.swift */,
				3B41786C1C2135DD006CB7ED /* ShowIntroViewController.swift */,
				3BBDCAC81C213E5900A0E4E3 /* ShowTeacherViewController.swift */,
			);
			name = ShowInfos;
			sourceTree = "<group>";
		};
		3BCE50711C168ABA0088794A /* Videos */ = {
			isa = PBXGroup;
			children = (
				3BCE50851C1698DA0088794A /* Videos.storyboard */,
				3BCE506F1C168AB60088794A /* VideosViewController.swift */,
				3BC240EF1C2922B300A79E4D /* VideoTableViewCell.swift */,
				3BA2580E1C28998800FA5A7C /* VideoPlayerViewController.swift */,
				3BC240ED1C291C1600A79E4D /* VideoManager.swift */,
			);
			name = Videos;
			sourceTree = "<group>";
		};
		3BCE50721C168B790088794A /* Recipes */ = {
			isa = PBXGroup;
			children = (
				3BCE50831C1698AF0088794A /* Recipes.storyboard */,
				3BCE50771C168BDD0088794A /* RecipesViewController.swift */,
				3B5565841C16F65000CFF1B4 /* RecipeTableViewCell.swift */,
				3B5565861C16F67700CFF1B4 /* RecipeDetailViewController.swift */,
				3B41786A1C20DEBE006CB7ED /* RecipeTutorialViewController.swift */,
				3B4178681C20C252006CB7ED /* RecipeVideoTutorialViewController.swift */,
				3B41D11A1C16C6DA0054FC10 /* RecipeManager.swift */,
			);
			name = Recipes;
			sourceTree = "<group>";
		};
		3BCE50731C168B960088794A /* Collections */ = {
			isa = PBXGroup;
			children = (
				3B9DD55E1C214506000FE1DF /* Collections.storyboard */,
				3BCE50791C168BF10088794A /* CollectionsViewController.swift */,
				3BDF65BA1C28EE570040F5DB /* CollectionTableViewCell.swift */,
				3BDF65B01C28EDCD0040F5DB /* CollectionDetailViewController.swift */,
				3BDF65B21C28EDE20040F5DB /* CollectionTutorialViewController.swift */,
				3BDF65B61C28EE0F0040F5DB /* CollectionVideoTutorialViewController.swift */,
				3BDF65B81C28EE2A0040F5DB /* CollectionManager.swift */,
			);
			name = Collections;
			sourceTree = "<group>";
		};
		3BCE50741C168B9F0088794A /* Q & A */ = {
			isa = PBXGroup;
			children = (
				3B9DD5601C214534000FE1DF /* QandA.storyboard */,
				3BCE507B1C168C040088794A /* QandAViewController.swift */,
				3B854B621C2401D900F286AD /* QandADetailViewController.swift */,
				3B4A47DE1C26FD6100662913 /* QandANewQuestionViewController.swift */,
				3B12806D1C3A64BF00AE2CC6 /* QandAManager.swift */,
				3B12806F1C3A6E4200AE2CC6 /* QuestionTableViewCell.swift */,
			);
			name = "Q & A";
			sourceTree = "<group>";
		};
		3BCE50751C168BAC0088794A /* Links */ = {
			isa = PBXGroup;
			children = (
				3B9DD5621C214554000FE1DF /* Links.storyboard */,
				3BCE507D1C168C100088794A /* LinksViewController.swift */,
				3BA2580C1C2824D800FA5A7C /* LinkFriendViewController.swift */,
			);
			name = Links;
			sourceTree = "<group>";
		};
		3BCE50761C168BB40088794A /* Bonus */ = {
			isa = PBXGroup;
			children = (
				3B9DD5641C21456F000FE1DF /* Bonus.storyboard */,
				3BCE507F1C168C1D0088794A /* BonusViewController.swift */,
			);
			name = Bonus;
			sourceTree = "<group>";
		};
		3BD721071C117870006716D4 = {
			isa = PBXGroup;
			children = (
				3B41D1331C16D0EE0054FC10 /* Frameworks */,
				3BD721121C117870006716D4 /* ios7funs */,
				3BD721111C117870006716D4 /* Products */,
			);
			sourceTree = "<group>";
		};
		3BD721111C117870006716D4 /* Products */ = {
			isa = PBXGroup;
			children = (
				3BD721101C117870006716D4 /* ios7funs.app */,
			);
			name = Products;
			sourceTree = "<group>";
		};
		3BD721121C117870006716D4 /* ios7funs */ = {
			isa = PBXGroup;
			children = (
				3BFBD5671C27844800313896 /* Login */,
				3B41D11C1C16C8C50054FC10 /* Models */,
				3B62E8BE1C16A455008AA784 /* Utils */,
				3BCE506C1C15C0AC0088794A /* ShowInfos */,
				3BCE50711C168ABA0088794A /* Videos */,
				3BCE50721C168B790088794A /* Recipes */,
				3BCE50731C168B960088794A /* Collections */,
				3BCE50741C168B9F0088794A /* Q & A */,
				3BCE50751C168BAC0088794A /* Links */,
				3BCE50761C168BB40088794A /* Bonus */,
				3BCE506D1C15C6E20088794A /* Cartfile */,
				3BD7211F1C117870006716D4 /* Info.plist */,
				3BD7211C1C117870006716D4 /* LaunchScreen.storyboard */,
				3BD721171C117870006716D4 /* Main.storyboard */,
				3BCE50681C15BFB60088794A /* MainViewController.swift */,
				3BD721131C117870006716D4 /* AppDelegate.swift */,
				3BD7211A1C117870006716D4 /* Assets.xcassets */,
			);
			path = ios7funs;
			sourceTree = "<group>";
		};
		3BFBD5671C27844800313896 /* Login */ = {
			isa = PBXGroup;
			children = (
				3BFBD5681C27847500313896 /* Login.storyboard */,
				3BFBD56A1C2784BA00313896 /* LoginViewController.swift */,
				3B36CBAC1C27D535003666D7 /* RegisterViewController.swift */,
				3B36CBAE1C27D673003666D7 /* ForgotPasswordViewController.swift */,
				3BFBD56C1C278CF100313896 /* LoginManager.swift */,
			);
			name = Login;
			sourceTree = "<group>";
		};
/* End PBXGroup section */

/* Begin PBXNativeTarget section */
		3BD7210F1C117870006716D4 /* ios7funs */ = {
			isa = PBXNativeTarget;
			buildConfigurationList = 3BD721221C117870006716D4 /* Build configuration list for PBXNativeTarget "ios7funs" */;
			buildPhases = (
				3BD7210C1C117870006716D4 /* Sources */,
				3BD7210D1C117870006716D4 /* Frameworks */,
				3BD7210E1C117870006716D4 /* Resources */,
				3B41D14F1C16D1C50054FC10 /* Run Script */,
			);
			buildRules = (
			);
			dependencies = (
			);
			name = ios7funs;
			productName = ios7funs;
			productReference = 3BD721101C117870006716D4 /* ios7funs.app */;
			productType = "com.apple.product-type.application";
		};
/* End PBXNativeTarget section */

/* Begin PBXProject section */
		3BD721081C117870006716D4 /* Project object */ = {
			isa = PBXProject;
			attributes = {
				LastSwiftUpdateCheck = 0720;
				LastUpgradeCheck = 0710;
				ORGANIZATIONNAME = "Giant Croissant";
				TargetAttributes = {
					3BD7210F1C117870006716D4 = {
						CreatedOnToolsVersion = 7.1.1;
						DevelopmentTeam = F8PCUC479B;
					};
				};
			};
			buildConfigurationList = 3BD7210B1C117870006716D4 /* Build configuration list for PBXProject "ios7funs" */;
			compatibilityVersion = "Xcode 3.2";
			developmentRegion = English;
			hasScannedForEncodings = 0;
			knownRegions = (
				en,
				Base,
			);
			mainGroup = 3BD721071C117870006716D4;
			productRefGroup = 3BD721111C117870006716D4 /* Products */;
			projectDirPath = "";
			projectRoot = "";
			targets = (
				3BD7210F1C117870006716D4 /* ios7funs */,
			);
		};
/* End PBXProject section */

/* Begin PBXResourcesBuildPhase section */
		3BD7210E1C117870006716D4 /* Resources */ = {
			isa = PBXResourcesBuildPhase;
			buildActionMask = 2147483647;
			files = (
				3BC240EC1C29171100A79E4D /* Assets in Resources */,
				3B9DD5661C21456F000FE1DF /* Bonus.storyboard in Resources */,
				3B9DD5631C214554000FE1DF /* Links.storyboard in Resources */,
				3BD7211E1C117870006716D4 /* LaunchScreen.storyboard in Resources */,
				3BD7211B1C117870006716D4 /* Assets.xcassets in Resources */,
				3B9DD5611C214534000FE1DF /* QandA.storyboard in Resources */,
				3BCE50821C168E1E0088794A /* ShowInfos.storyboard in Resources */,
				3BD721191C117870006716D4 /* Main.storyboard in Resources */,
				3B9DD55F1C214506000FE1DF /* Collections.storyboard in Resources */,
				3BFBD5691C27847500313896 /* Login.storyboard in Resources */,
				3BCE50841C1698AF0088794A /* Recipes.storyboard in Resources */,
				3BCE506E1C15C6E20088794A /* Cartfile in Resources */,
				3BCE50861C1698DA0088794A /* Videos.storyboard in Resources */,
			);
			runOnlyForDeploymentPostprocessing = 0;
		};
/* End PBXResourcesBuildPhase section */

/* Begin PBXShellScriptBuildPhase section */
		3B41D14F1C16D1C50054FC10 /* Run Script */ = {
			isa = PBXShellScriptBuildPhase;
			buildActionMask = 2147483647;
			files = (
			);
			inputPaths = (
				"$(SRCROOT)/ios7funs/Carthage/Build/iOS/Curry.framework",
				"$(SRCROOT)/ios7funs/Carthage/Build/iOS/Moya.framework",
				"$(SRCROOT)/ios7funs/Carthage/Build/iOS/RxMoya.framework",
				"$(SRCROOT)/ios7funs/Carthage/Build/iOS/Realm.framework",
				"$(SRCROOT)/ios7funs/Carthage/Build/iOS/RealmSwift.framework",
				"$(SRCROOT)/ios7funs/Carthage/Build/iOS/Result.framework",
				"$(SRCROOT)/ios7funs/Carthage/Build/iOS/Argo.framework",
				"$(SRCROOT)/ios7funs/Carthage/Build/iOS/ReactiveCocoa.framework",
				"$(SRCROOT)/ios7funs/Carthage/Build/iOS/ReactiveMoya.framework",
				"$(SRCROOT)/ios7funs/Carthage/Build/iOS/RxBlocking.framework",
				"$(SRCROOT)/ios7funs/Carthage/Build/iOS/RxCocoa.framework",
				"$(SRCROOT)/ios7funs/Carthage/Build/iOS/RxSwift.framework",
				"$(SRCROOT)/ios7funs/Carthage/Build/iOS/Alamofire.framework",
			);
			name = "Run Script";
			outputPaths = (
			);
			runOnlyForDeploymentPostprocessing = 0;
			shellPath = /bin/sh;
			shellScript = "/usr/local/bin/carthage copy-frameworks";
		};
/* End PBXShellScriptBuildPhase section */

/* Begin PBXSourcesBuildPhase section */
		3BD7210C1C117870006716D4 /* Sources */ = {
			isa = PBXSourcesBuildPhase;
			buildActionMask = 2147483647;
			files = (
				3BDF65B31C28EDE20040F5DB /* CollectionTutorialViewController.swift in Sources */,
				3B4178661C20B270006CB7ED /* Marco.swift in Sources */,
				3B36CBAF1C27D673003666D7 /* ForgotPasswordViewController.swift in Sources */,
				3BDF65BB1C28EE570040F5DB /* CollectionTableViewCell.swift in Sources */,
				3BDF65B11C28EDCD0040F5DB /* CollectionDetailViewController.swift in Sources */,
				3BDF65C11C28FF370040F5DB /* YTPlayerView.m in Sources */,
				3B5565891C17F2DA00CFF1B4 /* UIModel.swift in Sources */,
				3BC240EE1C291C1600A79E4D /* VideoManager.swift in Sources */,
				3BCE507A1C168BF10088794A /* CollectionsViewController.swift in Sources */,
				3BDF65B71C28EE0F0040F5DB /* CollectionVideoTutorialViewController.swift in Sources */,
				3BCE507C1C168C040088794A /* QandAViewController.swift in Sources */,
				3BCE50691C15BFB60088794A /* MainViewController.swift in Sources */,
				3BA2580F1C28998800FA5A7C /* VideoPlayerViewController.swift in Sources */,
				3B1280701C3A6E4200AE2CC6 /* QuestionTableViewCell.swift in Sources */,
				3B4A47DF1C26FD6100662913 /* QandANewQuestionViewController.swift in Sources */,
				3B5565851C16F65000CFF1B4 /* RecipeTableViewCell.swift in Sources */,
				3BD721141C117870006716D4 /* AppDelegate.swift in Sources */,
				3BCE50801C168C1D0088794A /* BonusViewController.swift in Sources */,
				3B41D12F1C16C9230054FC10 /* JsonModel.swift in Sources */,
				3BCE507E1C168C100088794A /* LinksViewController.swift in Sources */,
				3B41D12C1C16C9230054FC10 /* DbModel.swift in Sources */,
				3BFBD56B1C2784BA00313896 /* LoginViewController.swift in Sources */,
				3B36CBAD1C27D535003666D7 /* RegisterViewController.swift in Sources */,
				3BCE50701C168AB60088794A /* VideosViewController.swift in Sources */,
				3B4178691C20C252006CB7ED /* RecipeVideoTutorialViewController.swift in Sources */,
				3B4D7BB61C23BFB9009E37AE /* Toast.swift in Sources */,
				3B12806E1C3A64BF00AE2CC6 /* QandAManager.swift in Sources */,
				3BA2580D1C2824D800FA5A7C /* LinkFriendViewController.swift in Sources */,
				3B5565871C16F67700CFF1B4 /* RecipeDetailViewController.swift in Sources */,
				3B41D12E1C16C9230054FC10 /* ExtendObservable.swift in Sources */,
				3BFBD5451C27063D00313896 /* ColorUtils.swift in Sources */,
				3B4178611C20B23F006CB7ED /* AYOSegmentedControl.swift in Sources */,
				3B4178671C20B270006CB7ED /* Utils.swift in Sources */,
				3B4178651C20B270006CB7ED /* ImageLoader.swift in Sources */,
				3B854B631C2401D900F286AD /* QandADetailViewController.swift in Sources */,
				3B41786D1C2135DD006CB7ED /* ShowIntroViewController.swift in Sources */,
				3BCE50781C168BDD0088794A /* RecipesViewController.swift in Sources */,
				3B41D12D1C16C9230054FC10 /* ExtendDate.swift in Sources */,
				3B41D11B1C16C6DA0054FC10 /* RecipeManager.swift in Sources */,
				3BBDCAC91C213E5900A0E4E3 /* ShowTeacherViewController.swift in Sources */,
				3B62E8C01C16A473008AA784 /* CardView.swift in Sources */,
				3BFBD56D1C278CF100313896 /* LoginManager.swift in Sources */,
				3B41786B1C20DEBE006CB7ED /* RecipeTutorialViewController.swift in Sources */,
				3BDF65B91C28EE2A0040F5DB /* CollectionManager.swift in Sources */,
				3BCE506B1C15C0A70088794A /* ShowInfosViewController.swift in Sources */,
				3B41D1301C16C9230054FC10 /* RestApiModel.swift in Sources */,
				3BC240F01C2922B300A79E4D /* VideoTableViewCell.swift in Sources */,
			);
			runOnlyForDeploymentPostprocessing = 0;
		};
/* End PBXSourcesBuildPhase section */

/* Begin PBXVariantGroup section */
		3B9DD5641C21456F000FE1DF /* Bonus.storyboard */ = {
			isa = PBXVariantGroup;
			children = (
				3B9DD5651C21456F000FE1DF /* Base */,
			);
			name = Bonus.storyboard;
			sourceTree = "<group>";
		};
		3BD721171C117870006716D4 /* Main.storyboard */ = {
			isa = PBXVariantGroup;
			children = (
				3BD721181C117870006716D4 /* Base */,
			);
			name = Main.storyboard;
			sourceTree = "<group>";
		};
		3BD7211C1C117870006716D4 /* LaunchScreen.storyboard */ = {
			isa = PBXVariantGroup;
			children = (
				3BD7211D1C117870006716D4 /* Base */,
			);
			name = LaunchScreen.storyboard;
			sourceTree = "<group>";
		};
/* End PBXVariantGroup section */

/* Begin XCBuildConfiguration section */
		3BD721201C117870006716D4 /* Debug */ = {
			isa = XCBuildConfiguration;
			buildSettings = {
				ALWAYS_SEARCH_USER_PATHS = NO;
				CLANG_CXX_LANGUAGE_STANDARD = "gnu++0x";
				CLANG_CXX_LIBRARY = "libc++";
				CLANG_ENABLE_MODULES = YES;
				CLANG_ENABLE_OBJC_ARC = YES;
				CLANG_WARN_BOOL_CONVERSION = YES;
				CLANG_WARN_CONSTANT_CONVERSION = YES;
				CLANG_WARN_DIRECT_OBJC_ISA_USAGE = YES_ERROR;
				CLANG_WARN_EMPTY_BODY = YES;
				CLANG_WARN_ENUM_CONVERSION = YES;
				CLANG_WARN_INT_CONVERSION = YES;
				CLANG_WARN_OBJC_ROOT_CLASS = YES_ERROR;
				CLANG_WARN_UNREACHABLE_CODE = YES;
				CLANG_WARN__DUPLICATE_METHOD_MATCH = YES;
				"CODE_SIGN_IDENTITY[sdk=iphoneos*]" = "iPhone Developer";
				COPY_PHASE_STRIP = NO;
				DEBUG_INFORMATION_FORMAT = dwarf;
				ENABLE_STRICT_OBJC_MSGSEND = YES;
				ENABLE_TESTABILITY = YES;
				GCC_C_LANGUAGE_STANDARD = gnu99;
				GCC_DYNAMIC_NO_PIC = NO;
				GCC_NO_COMMON_BLOCKS = YES;
				GCC_OPTIMIZATION_LEVEL = 0;
				GCC_PREPROCESSOR_DEFINITIONS = (
					"DEBUG=1",
					"$(inherited)",
				);
				GCC_WARN_64_TO_32_BIT_CONVERSION = YES;
				GCC_WARN_ABOUT_RETURN_TYPE = YES_ERROR;
				GCC_WARN_UNDECLARED_SELECTOR = YES;
				GCC_WARN_UNINITIALIZED_AUTOS = YES_AGGRESSIVE;
				GCC_WARN_UNUSED_FUNCTION = YES;
				GCC_WARN_UNUSED_VARIABLE = YES;
				IPHONEOS_DEPLOYMENT_TARGET = 9.1;
				MTL_ENABLE_DEBUG_INFO = YES;
				ONLY_ACTIVE_ARCH = YES;
				SDKROOT = iphoneos;
				SWIFT_OPTIMIZATION_LEVEL = "-Onone";
				TARGETED_DEVICE_FAMILY = "1,2";
			};
			name = Debug;
		};
		3BD721211C117870006716D4 /* Release */ = {
			isa = XCBuildConfiguration;
			buildSettings = {
				ALWAYS_SEARCH_USER_PATHS = NO;
				CLANG_CXX_LANGUAGE_STANDARD = "gnu++0x";
				CLANG_CXX_LIBRARY = "libc++";
				CLANG_ENABLE_MODULES = YES;
				CLANG_ENABLE_OBJC_ARC = YES;
				CLANG_WARN_BOOL_CONVERSION = YES;
				CLANG_WARN_CONSTANT_CONVERSION = YES;
				CLANG_WARN_DIRECT_OBJC_ISA_USAGE = YES_ERROR;
				CLANG_WARN_EMPTY_BODY = YES;
				CLANG_WARN_ENUM_CONVERSION = YES;
				CLANG_WARN_INT_CONVERSION = YES;
				CLANG_WARN_OBJC_ROOT_CLASS = YES_ERROR;
				CLANG_WARN_UNREACHABLE_CODE = YES;
				CLANG_WARN__DUPLICATE_METHOD_MATCH = YES;
				"CODE_SIGN_IDENTITY[sdk=iphoneos*]" = "iPhone Developer";
				COPY_PHASE_STRIP = NO;
				DEBUG_INFORMATION_FORMAT = "dwarf-with-dsym";
				ENABLE_NS_ASSERTIONS = NO;
				ENABLE_STRICT_OBJC_MSGSEND = YES;
				GCC_C_LANGUAGE_STANDARD = gnu99;
				GCC_NO_COMMON_BLOCKS = YES;
				GCC_WARN_64_TO_32_BIT_CONVERSION = YES;
				GCC_WARN_ABOUT_RETURN_TYPE = YES_ERROR;
				GCC_WARN_UNDECLARED_SELECTOR = YES;
				GCC_WARN_UNINITIALIZED_AUTOS = YES_AGGRESSIVE;
				GCC_WARN_UNUSED_FUNCTION = YES;
				GCC_WARN_UNUSED_VARIABLE = YES;
				IPHONEOS_DEPLOYMENT_TARGET = 9.1;
				MTL_ENABLE_DEBUG_INFO = NO;
				SDKROOT = iphoneos;
				TARGETED_DEVICE_FAMILY = "1,2";
				VALIDATE_PRODUCT = YES;
			};
			name = Release;
		};
		3BD721231C117870006716D4 /* Debug */ = {
			isa = XCBuildConfiguration;
			buildSettings = {
				ASSETCATALOG_COMPILER_APPICON_NAME = AppIcon;
				CLANG_ENABLE_MODULES = YES;
				CODE_SIGN_IDENTITY = "iPhone Developer";
				FRAMEWORK_SEARCH_PATHS = (
					"$(inherited)",
					"$(PROJECT_DIR)/ios7funs/Carthage/Build/iOS",
					"$(PROJECT_DIR)/ios7funs/Lib3rdParty",
				);
				INFOPLIST_FILE = ios7funs/Info.plist;
				LD_RUNPATH_SEARCH_PATHS = "$(inherited) @executable_path/Frameworks";
				OTHER_SWIFT_FLAGS = "-D DEBUG";
				PRODUCT_BUNDLE_IDENTIFIER = com.7funs.app;
				PRODUCT_NAME = "$(TARGET_NAME)";
				SWIFT_OBJC_BRIDGING_HEADER = "ios7funs/ios7funs-Bridging-Header.h";
				SWIFT_OPTIMIZATION_LEVEL = "-Onone";
				TARGETED_DEVICE_FAMILY = "1,2";
			};
			name = Debug;
		};
		3BD721241C117870006716D4 /* Release */ = {
			isa = XCBuildConfiguration;
			buildSettings = {
				ASSETCATALOG_COMPILER_APPICON_NAME = AppIcon;
				CLANG_ENABLE_MODULES = YES;
				CODE_SIGN_IDENTITY = "iPhone Developer";
				FRAMEWORK_SEARCH_PATHS = (
					"$(inherited)",
					"$(PROJECT_DIR)/ios7funs/Carthage/Build/iOS",
					"$(PROJECT_DIR)/ios7funs/Lib3rdParty",
				);
				INFOPLIST_FILE = ios7funs/Info.plist;
				LD_RUNPATH_SEARCH_PATHS = "$(inherited) @executable_path/Frameworks";
				PRODUCT_BUNDLE_IDENTIFIER = com.7funs.app;
				PRODUCT_NAME = "$(TARGET_NAME)";
				SWIFT_OBJC_BRIDGING_HEADER = "ios7funs/ios7funs-Bridging-Header.h";
				TARGETED_DEVICE_FAMILY = "1,2";
			};
			name = Release;
		};
/* End XCBuildConfiguration section */

/* Begin XCConfigurationList section */
		3BD7210B1C117870006716D4 /* Build configuration list for PBXProject "ios7funs" */ = {
			isa = XCConfigurationList;
			buildConfigurations = (
				3BD721201C117870006716D4 /* Debug */,
				3BD721211C117870006716D4 /* Release */,
			);
			defaultConfigurationIsVisible = 0;
			defaultConfigurationName = Release;
		};
		3BD721221C117870006716D4 /* Build configuration list for PBXNativeTarget "ios7funs" */ = {
			isa = XCConfigurationList;
			buildConfigurations = (
				3BD721231C117870006716D4 /* Debug */,
				3BD721241C117870006716D4 /* Release */,
			);
			defaultConfigurationIsVisible = 0;
			defaultConfigurationName = Release;
		};
/* End XCConfigurationList section */
	};
	rootObject = 3BD721081C117870006716D4 /* Project object */;
}
